
Microsoft Visual Studio Solution File, Format Version 12.00
# Visual Studio 15
VisualStudioVersion = 15.0.26430.16
MinimumVisualStudioVersion = 10.0.40219.1
Project("{FAE04EC0-301F-11D3-BF4B-00C04F79EFBC}") = "CronControlLibrary", "CronControlLibrary\CronControlLibrary.csproj", "{F7C85925-2C4D-420F-9E1B-3CF6A6D9103D}"
EndProject
Project("{FAE04EC0-301F-11D3-BF4B-00C04F79EFBC}") = "CronControlLibrary.Tests", "CronControlLibrary.Tests\CronControlLibrary.Tests.csproj", "{09B1C58D-C2A9-4E8F-B9C5-897799A8B57D}"
EndProject
Global
	GlobalSection(SolutionConfigurationPlatforms) = preSolution
		Debug|Any CPU = Debug|Any CPU
		Release|Any CPU = Release|Any CPU
	EndGlobalSection
	GlobalSection(ProjectConfigurationPlatforms) = postSolution
		{F7C85925-2C4D-420F-9E1B-3CF6A6D9103D}.Debug|Any CPU.ActiveCfg = Debug|Any CPU
		{F7C85925-2C4D-420F-9E1B-3CF6A6D9103D}.Debug|Any CPU.Build.0 = Debug|Any CPU
		{F7C85925-2C4D-420F-9E1B-3CF6A6D9103D}.Release|Any CPU.ActiveCfg = Release|Any CPU
		{F7C85925-2C4D-420F-9E1B-3CF6A6D9103D}.Release|Any CPU.Build.0 = Release|Any CPU
		{09B1C58D-C2A9-4E8F-B9C5-897799A8B57D}.Debug|Any CPU.ActiveCfg = Debug|Any CPU
		{09B1C58D-C2A9-4E8F-B9C5-897799A8B57D}.Debug|Any CPU.Build.0 = Debug|Any CPU
		{09B1C58D-C2A9-4E8F-B9C5-897799A8B57D}.Release|Any CPU.ActiveCfg = Release|Any CPU
		{09B1C58D-C2A9-4E8F-B9C5-897799A8B57D}.Release|Any CPU.Build.0 = Release|Any CPU
	EndGlobalSection
	GlobalSection(SolutionProperties) = preSolution
		HideSolutionNode = FALSE
	EndGlobalSection
EndGlobal
